
Microsoft Visual Studio Solution File, Format Version 12.00
# Visual Studio Version 16
VisualStudioVersion = 16.0.31129.286
MinimumVisualStudioVersion = 10.0.40219.1
Project("{FAE04EC0-301F-11D3-BF4B-00C04F79EFBC}") = "Project 5", "Project 5\Project 5.csproj", "{BC0D90C7-CBFA-4F9F-AE43-BA97AD33A682}"
EndProject
Global
	GlobalSection(SolutionConfigurationPlatforms) = preSolution
		Debug|Any CPU = Debug|Any CPU
		Release|Any CPU = Release|Any CPU
	EndGlobalSection
	GlobalSection(ProjectConfigurationPlatforms) = postSolution
		{BC0D90C7-CBFA-4F9F-AE43-BA97AD33A682}.Debug|Any CPU.ActiveCfg = Debug|Any CPU
		{BC0D90C7-CBFA-4F9F-AE43-BA97AD33A682}.Debug|Any CPU.Build.0 = Debug|Any CPU
		{BC0D90C7-CBFA-4F9F-AE43-BA97AD33A682}.Release|Any CPU.ActiveCfg = Release|Any CPU
		{BC0D90C7-CBFA-4F9F-AE43-BA97AD33A682}.Release|Any CPU.Build.0 = Release|Any CPU
	EndGlobalSection
	GlobalSection(SolutionProperties) = preSolution
		HideSolutionNode = FALSE
	EndGlobalSection
	GlobalSection(ExtensibilityGlobals) = postSolution
		SolutionGuid = {B55CD3CC-94C3-4873-AE77-B938ACAA583B}
	EndGlobalSection
EndGlobal
